Microsoft Visual Studio Solution File, Format Version 12.00
# Visual Studio Version 17
VisualStudioVersion = 17.13.35806.99
MinimumVisualStudioVersion = 10.0.40219.1
Project("{FAE04EC0-301F-11D3-BF4B-00C04F79EFBC}") = "DockerComposeCleanUp", "DockerComposeCleanUp\DockerComposeCleanUp.csproj", "{D49D1D49-B603-4C05-B69A-783969616EEF}"
EndProject
Project("{2150E333-8FDC-42A3-9474-1A3956D46DE8}") = "Solution Items", "Solution Items", "{8EC462FD-D22E-90A8-E5CE-7E832BA40C5D}"
	ProjectSection(SolutionItems) = preProject
		README.md = README.md
	EndProjectSection
EndProject
Project("{2150E333-8FDC-42A3-9474-1A3956D46DE8}") = "screenshots", "screenshots", "{02EA681E-C7D8-13C7-8484-4AC65E1B71E8}"
	ProjectSection(SolutionItems) = preProject
		screenshots\demo-0.png = screenshots\demo-0.png
		screenshots\demo-1.png = screenshots\demo-1.png
	EndProjectSection
EndProject
Global
	GlobalSection(SolutionConfigurationPlatforms) = preSolution
		Debug|Any CPU = Debug|Any CPU
		Release|Any CPU = Release|Any CPU
	EndGlobalSection
	GlobalSection(ProjectConfigurationPlatforms) = postSolution
		{D49D1D49-B603-4C05-B69A-783969616EEF}.Debug|Any CPU.ActiveCfg = Debug|Any CPU
		{D49D1D49-B603-4C05-B69A-783969616EEF}.Debug|Any CPU.Build.0 = Debug|Any CPU
		{D49D1D49-B603-4C05-B69A-783969616EEF}.Release|Any CPU.ActiveCfg = Release|Any CPU
		{D49D1D49-B603-4C05-B69A-783969616EEF}.Release|Any CPU.Build.0 = Release|Any CPU
	EndGlobalSection
	GlobalSection(SolutionProperties) = preSolution
		HideSolutionNode = FALSE
	EndGlobalSection
	GlobalSection(NestedProjects) = preSolution
		{02EA681E-C7D8-13C7-8484-4AC65E1B71E8} = {8EC462FD-D22E-90A8-E5CE-7E832BA40C5D}
	EndGlobalSection
	GlobalSection(ExtensibilityGlobals) = postSolution
		SolutionGuid = {19F17955-C04D-4D71-91D5-DD0D37961741}
	EndGlobalSection
EndGlobal
